
Microsoft Visual Studio Solution File, Format Version 12.00
# Visual Studio Version 16
VisualStudioVersion = 16.0.31321.278
MinimumVisualStudioVersion = 10.0.40219.1
Project("{FAE04EC0-301F-11D3-BF4B-00C04F79EFBC}") = "CalculatePage.Android", "CalculatePage\CalculatePage.Android\CalculatePage.Android.csproj", "{D4009814-4E09-4F21-9897-9C6AC9B243D9}"
EndProject
Project("{FAE04EC0-301F-11D3-BF4B-00C04F79EFBC}") = "CalculatePage.iOS", "CalculatePage\CalculatePage.iOS\CalculatePage.iOS.csproj", "{3097105A-E372-453D-B662-2DA0FCD9284B}"
EndProject
Project("{FAE04EC0-301F-11D3-BF4B-00C04F79EFBC}") = "CalculatePage", "CalculatePage\CalculatePage\CalculatePage.csproj", "{54525624-0C4D-4BD2-8560-1D89FCA56D0C}"
EndProject
Global
	GlobalSection(SolutionConfigurationPlatforms) = preSolution
		Debug|Any CPU = Debug|Any CPU
		Debug|iPhone = Debug|iPhone
		Debug|iPhoneSimulator = Debug|iPhoneSimulator
		Release|Any CPU = Release|Any CPU
		Release|iPhone = Release|iPhone
		Release|iPhoneSimulator = Release|iPhoneSimulator
	EndGlobalSection
	GlobalSection(ProjectConfigurationPlatforms) = postSolution
		{D4009814-4E09-4F21-9897-9C6AC9B243D9}.Debug|Any CPU.ActiveCfg = Debug|Any CPU
		{D4009814-4E09-4F21-9897-9C6AC9B243D9}.Debug|Any CPU.Build.0 = Debug|Any CPU
		{D4009814-4E09-4F21-9897-9C6AC9B243D9}.Debug|Any CPU.Deploy.0 = Debug|Any CPU
		{D4009814-4E09-4F21-9897-9C6AC9B243D9}.Debug|iPhone.ActiveCfg = Debug|Any CPU
		{D4009814-4E09-4F21-9897-9C6AC9B243D9}.Debug|iPhone.Build.0 = Debug|Any CPU
		{D4009814-4E09-4F21-9897-9C6AC9B243D9}.Debug|iPhone.Deploy.0 = Debug|Any CPU
		{D4009814-4E09-4F21-9897-9C6AC9B243D9}.Debug|iPhoneSimulator.ActiveCfg = Debug|Any CPU
		{D4009814-4E09-4F21-9897-9C6AC9B243D9}.Debug|iPhoneSimulator.Build.0 = Debug|Any CPU
		{D4009814-4E09-4F21-9897-9C6AC9B243D9}.Debug|iPhoneSimulator.Deploy.0 = Debug|Any CPU
		{D4009814-4E09-4F21-9897-9C6AC9B243D9}.Release|Any CPU.ActiveCfg = Release|Any CPU
		{D4009814-4E09-4F21-9897-9C6AC9B243D9}.Release|Any CPU.Build.0 = Release|Any CPU
		{D4009814-4E09-4F21-9897-9C6AC9B243D9}.Release|Any CPU.Deploy.0 = Release|Any CPU
		{D4009814-4E09-4F21-9897-9C6AC9B243D9}.Release|iPhone.ActiveCfg = Release|Any CPU
		{D4009814-4E09-4F21-9897-9C6AC9B243D9}.Release|iPhone.Build.0 = Release|Any CPU
		{D4009814-4E09-4F21-9897-9C6AC9B243D9}.Release|iPhone.Deploy.0 = Release|Any CPU
		{D4009814-4E09-4F21-9897-9C6AC9B243D9}.Release|iPhoneSimulator.ActiveCfg = Release|Any CPU
		{D4009814-4E09-4F21-9897-9C6AC9B243D9}.Release|iPhoneSimulator.Build.0 = Release|Any CPU
		{D4009814-4E09-4F21-9897-9C6AC9B243D9}.Release|iPhoneSimulator.Deploy.0 = Release|Any CPU
		{3097105A-E372-453D-B662-2DA0FCD9284B}.Debug|Any CPU.ActiveCfg = Debug|iPhone
		{3097105A-E372-453D-B662-2DA0FCD9284B}.Debug|Any CPU.Build.0 = Debug|iPhone
		{3097105A-E372-453D-B662-2DA0FCD9284B}.Debug|Any CPU.Deploy.0 = Debug|iPhone
		{3097105A-E372-453D-B662-2DA0FCD9284B}.Debug|iPhone.ActiveCfg = Debug|iPhone
		{3097105A-E372-453D-B662-2DA0FCD9284B}.Debug|iPhone.Build.0 = Debug|iPhone
		{3097105A-E372-453D-B662-2DA0FCD9284B}.Debug|iPhone.Deploy.0 = Debug|iPhone
		{3097105A-E372-453D-B662-2DA0FCD9284B}.Debug|iPhoneSimulator.ActiveCfg = Debug|iPhoneSimulator
		{3097105A-E372-453D-B662-2DA0FCD9284B}.Debug|iPhoneSimulator.Build.0 = Debug|iPhoneSimulator
		{3097105A-E372-453D-B662-2DA0FCD9284B}.Debug|iPhoneSimulator.Deploy.0 = Debug|iPhoneSimulator
		{3097105A-E372-453D-B662-2DA0FCD9284B}.Release|Any CPU.ActiveCfg = Release|iPhoneSimulator
		{3097105A-E372-453D-B662-2DA0FCD9284B}.Release|Any CPU.Build.0 = Release|iPhoneSimulator
		{3097105A-E372-453D-B662-2DA0FCD9284B}.Release|Any CPU.Deploy.0 = Release|iPhoneSimulator
		{3097105A-E372-453D-B662-2DA0FCD9284B}.Release|iPhone.ActiveCfg = Release|iPhone
		{3097105A-E372-453D-B662-2DA0FCD9284B}.Release|iPhone.Build.0 = Release|iPhone
		{3097105A-E372-453D-B662-2DA0FCD9284B}.Release|iPhone.Deploy.0 = Release|iPhone
		{3097105A-E372-453D-B662-2DA0FCD9284B}.Release|iPhoneSimulator.ActiveCfg = Release|iPhoneSimulator
		{3097105A-E372-453D-B662-2DA0FCD9284B}.Release|iPhoneSimulator.Build.0 = Release|iPhoneSimulator
		{3097105A-E372-453D-B662-2DA0FCD9284B}.Release|iPhoneSimulator.Deploy.0 = Release|iPhoneSimulator
		{54525624-0C4D-4BD2-8560-1D89FCA56D0C}.Debug|Any CPU.ActiveCfg = Debug|Any CPU
		{54525624-0C4D-4BD2-8560-1D89FCA56D0C}.Debug|Any CPU.Build.0 = Debug|Any CPU
		{54525624-0C4D-4BD2-8560-1D89FCA56D0C}.Debug|Any CPU.Deploy.0 = Debug|Any CPU
		{54525624-0C4D-4BD2-8560-1D89FCA56D0C}.Debug|iPhone.ActiveCfg = Debug|Any CPU
		{54525624-0C4D-4BD2-8560-1D89FCA56D0C}.Debug|iPhone.Build.0 = Debug|Any CPU
		{54525624-0C4D-4BD2-8560-1D89FCA56D0C}.Debug|iPhone.Deploy.0 = Debug|Any CPU
		{54525624-0C4D-4BD2-8560-1D89FCA56D0C}.Debug|iPhoneSimulator.ActiveCfg = Debug|Any CPU
		{54525624-0C4D-4BD2-8560-1D89FCA56D0C}.Debug|iPhoneSimulator.Build.0 = Debug|Any CPU
		{54525624-0C4D-4BD2-8560-1D89FCA56D0C}.Debug|iPhoneSimulator.Deploy.0 = Debug|Any CPU
		{54525624-0C4D-4BD2-8560-1D89FCA56D0C}.Release|Any CPU.ActiveCfg = Release|Any CPU
		{54525624-0C4D-4BD2-8560-1D89FCA56D0C}.Release|Any CPU.Build.0 = Release|Any CPU
		{54525624-0C4D-4BD2-8560-1D89FCA56D0C}.Release|Any CPU.Deploy.0 = Release|Any CPU
		{54525624-0C4D-4BD2-8560-1D89FCA56D0C}.Release|iPhone.ActiveCfg = Release|Any CPU
		{54525624-0C4D-4BD2-8560-1D89FCA56D0C}.Release|iPhone.Build.0 = Release|Any CPU
		{54525624-0C4D-4BD2-8560-1D89FCA56D0C}.Release|iPhone.Deploy.0 = Release|Any CPU
		{54525624-0C4D-4BD2-8560-1D89FCA56D0C}.Release|iPhoneSimulator.ActiveCfg = Release|Any CPU
		{54525624-0C4D-4BD2-8560-1D89FCA56D0C}.Release|iPhoneSimulator.Build.0 = Release|Any CPU
		{54525624-0C4D-4BD2-8560-1D89FCA56D0C}.Release|iPhoneSimulator.Deploy.0 = Release|Any CPU
	EndGlobalSection
	GlobalSection(SolutionProperties) = preSolution
		HideSolutionNode = FALSE
	EndGlobalSection
	GlobalSection(ExtensibilityGlobals) = postSolution
		SolutionGuid = {BA7C3981-422F-4825-B35D-2D5A242C093B}
	EndGlobalSection
EndGlobal
